
Microsoft Visual Studio Solution File, Format Version 12.00
# Visual Studio Version 17
VisualStudioVersion = 17.9.34728.123
MinimumVisualStudioVersion = 10.0.40219.1
Project("{FAE04EC0-301F-11D3-BF4B-00C04F79EFBC}") = "SISTEMA-2.0.1", "SISTEMA-2.0.1.csproj", "{31401EBE-C379-4D71-A869-006F59BEBB51}"
EndProject
Global
	GlobalSection(SolutionConfigurationPlatforms) = preSolution
		Debug|Any CPU = Debug|Any CPU
		Release|Any CPU = Release|Any CPU
	EndGlobalSection
	GlobalSection(ProjectConfigurationPlatforms) = postSolution
		{31401EBE-C379-4D71-A869-006F59BEBB51}.Debug|Any CPU.ActiveCfg = Debug|Any CPU
		{31401EBE-C379-4D71-A869-006F59BEBB51}.Debug|Any CPU.Build.0 = Debug|Any CPU
		{31401EBE-C379-4D71-A869-006F59BEBB51}.Release|Any CPU.ActiveCfg = Release|Any CPU
		{31401EBE-C379-4D71-A869-006F59BEBB51}.Release|Any CPU.Build.0 = Release|Any CPU
	EndGlobalSection
	GlobalSection(SolutionProperties) = preSolution
		HideSolutionNode = FALSE
	EndGlobalSection
	GlobalSection(ExtensibilityGlobals) = postSolution
		SolutionGuid = {75024D6C-BA76-4A51-BAA1-DAE549F39097}
	EndGlobalSection
EndGlobal
